
Microsoft Visual Studio Solution File, Format Version 12.00
Project("{FAE04EC0-301F-11D3-BF4B-00C04F79EFBC}") = "Okapi", "Okapi\Okapi.csproj", "{602D6769-B968-4DE0-AA78-C3CC6D8E52E2}"
EndProject
Project("{FAE04EC0-301F-11D3-BF4B-00C04F79EFBC}") = "VowelShifter", "VowelShifter\VowelShifter.csproj", "{CF9BEE4E-FF94-4235-B5F2-CC2FE14B709B}"
EndProject
Global
	GlobalSection(SolutionConfigurationPlatforms) = preSolution
		Debug|Any CPU = Debug|Any CPU
		Release|Any CPU = Release|Any CPU
	EndGlobalSection
	GlobalSection(ProjectConfigurationPlatforms) = postSolution
		{602D6769-B968-4DE0-AA78-C3CC6D8E52E2}.Debug|Any CPU.ActiveCfg = Debug|Any CPU
		{602D6769-B968-4DE0-AA78-C3CC6D8E52E2}.Debug|Any CPU.Build.0 = Debug|Any CPU
		{602D6769-B968-4DE0-AA78-C3CC6D8E52E2}.Release|Any CPU.ActiveCfg = Release|Any CPU
		{602D6769-B968-4DE0-AA78-C3CC6D8E52E2}.Release|Any CPU.Build.0 = Release|Any CPU
		{CF9BEE4E-FF94-4235-B5F2-CC2FE14B709B}.Debug|Any CPU.ActiveCfg = Debug|Any CPU
		{CF9BEE4E-FF94-4235-B5F2-CC2FE14B709B}.Debug|Any CPU.Build.0 = Debug|Any CPU
		{CF9BEE4E-FF94-4235-B5F2-CC2FE14B709B}.Release|Any CPU.ActiveCfg = Release|Any CPU
		{CF9BEE4E-FF94-4235-B5F2-CC2FE14B709B}.Release|Any CPU.Build.0 = Release|Any CPU
	EndGlobalSection
EndGlobal
